
Microsoft Visual Studio Solution File, Format Version 12.00
# Visual Studio Version 17
VisualStudioVersion = 17.1.32210.238
MinimumVisualStudioVersion = 10.0.40219.1
Project("{FAE04EC0-301F-11D3-BF4B-00C04F79EFBC}") = "Interface", "Homework1\Interface.csproj", "{271324EC-3C00-4A67-8FE7-815999540869}"
EndProject
Global
	GlobalSection(SolutionConfigurationPlatforms) = preSolution
		Debug|Any CPU = Debug|Any CPU
		Release|Any CPU = Release|Any CPU
	EndGlobalSection
	GlobalSection(ProjectConfigurationPlatforms) = postSolution
		{271324EC-3C00-4A67-8FE7-815999540869}.Debug|Any CPU.ActiveCfg = Debug|Any CPU
		{271324EC-3C00-4A67-8FE7-815999540869}.Debug|Any CPU.Build.0 = Debug|Any CPU
		{271324EC-3C00-4A67-8FE7-815999540869}.Release|Any CPU.ActiveCfg = Release|Any CPU
		{271324EC-3C00-4A67-8FE7-815999540869}.Release|Any CPU.Build.0 = Release|Any CPU
	EndGlobalSection
	GlobalSection(SolutionProperties) = preSolution
		HideSolutionNode = FALSE
	EndGlobalSection
	GlobalSection(ExtensibilityGlobals) = postSolution
		SolutionGuid = {2679E622-1882-4B37-82D7-74DDCC6C8A61}
	EndGlobalSection
EndGlobal
